{
    "name": "stylelint-config-pixnet",
    "version": "1.2.1",
    "lockfileVersion": 1,
    "requires": true,
    "dependencies": {
        "nanoid": {
            "version": "3.3.4",
            "resolved": "https://registry.npmjs.org/nanoid/-/nanoid-3.3.4.tgz",
            "integrity": "sha512-MqBkQh/OHTS2egovRtLk45wEyNXwF+cokD+1YPf9u5VfJiRdAiRwB2froX5Co9Rh20xs4siNPm8naNotSD6RBw=="
        },
        "picocolors": {
            "version": "1.0.0",
            "resolved": "https://registry.npmjs.org/picocolors/-/picocolors-1.0.0.tgz",
            "integrity": "sha512-1fygroTLlHu66zi26VoTDv8yRgm0Fccecssto+MhsZ0D/DGW2sm8E8AjW7NU5VVTRt5GxbeZ5qBuJr+HyLYkjQ=="
        },
        "postcss": {
            "version": "8.4.16",
            "resolved": "https://registry.npmjs.org/postcss/-/postcss-8.4.16.tgz",
            "integrity": "sha512-ipHE1XBvKzm5xI7hiHCZJCSugxvsdq2mPnsq5+UF+VHCjiBvtDrlxJfMBToWaP9D5XlgNmcFGqoHmUn0EYEaRQ==",
            "requires": {
                "nanoid": "^3.3.4",
                "picocolors": "^1.0.0",
                "source-map-js": "^1.0.2"
            }
        },
        "postcss-sorting": {
            "version": "7.0.1",
            "resolved": "https://registry.npmjs.org/postcss-sorting/-/postcss-sorting-7.0.1.tgz",
            "integrity": "sha512-iLBFYz6VRYyLJEJsBJ8M3TCqNcckVzz4wFounSc5Oez35ogE/X+aoC5fFu103Ot7NyvjU3/xqIXn93Gp3kJk4g=="
        },
        "source-map-js": {
            "version": "1.0.2",
            "resolved": "https://registry.npmjs.org/source-map-js/-/source-map-js-1.0.2.tgz",
            "integrity": "sha512-R0XvVJ9WusLiqTCEiGCmICCMplcCkIwwR11mOSD9CR5u+IXYdiseeEuXCVAjS54zqwkLcPNnmU4OeJ6tUrWhDw=="
        },
        "stylelint-config-recommended": {
            "version": "9.0.0",
            "resolved": "https://registry.npmjs.org/stylelint-config-recommended/-/stylelint-config-recommended-9.0.0.tgz",
            "integrity": "sha512-9YQSrJq4NvvRuTbzDsWX3rrFOzOlYBmZP+o513BJN/yfEmGSr0AxdvrWs0P/ilSpVV/wisamAHu5XSk8Rcf4CQ=="
        },
        "stylelint-config-standard": {
            "version": "28.0.0",
            "resolved": "https://registry.npmjs.org/stylelint-config-standard/-/stylelint-config-standard-28.0.0.tgz",
            "integrity": "sha512-q/StuowDdDmFCravzGHAwgS9pjX0bdOQUEBBDIkIWsQuYGgYz/xsO8CM6eepmIQ1fc5bKdDVimlJZ6MoOUcJ5Q==",
            "requires": {
                "stylelint-config-recommended": "^9.0.0"
            }
        },
        "stylelint-order": {
            "version": "5.0.0",
            "resolved": "https://registry.npmjs.org/stylelint-order/-/stylelint-order-5.0.0.tgz",
            "integrity": "sha512-OWQ7pmicXufDw5BlRqzdz3fkGKJPgLyDwD1rFY3AIEfIH/LQY38Vu/85v8/up0I+VPiuGRwbc2Hg3zLAsJaiyw==",
            "requires": {
                "postcss": "^8.3.11",
                "postcss-sorting": "^7.0.1"
            }
        }
    }
}
